
Microsoft Visual Studio Solution File, Format Version 12.00
# Visual Studio 2012
Project("{FAE04EC0-301F-11D3-BF4B-00C04F79EFBC}") = "Henspe.Core", "Henspe.Core\Henspe.Core.csproj", "{537886BA-0199-482C-875E-16B5636BF78A}"
EndProject
Project("{FAE04EC0-301F-11D3-BF4B-00C04F79EFBC}") = "Henspe.iOS", "Henspe.iOS\Henspe.iOS.csproj", "{9903CDFF-F2A5-46AD-ACA6-F73F0568A951}"
EndProject
Project("{FAE04EC0-301F-11D3-BF4B-00C04F79EFBC}") = "Henspe.Droid", "Droid\Henspe.Droid.csproj", "{BC57D061-E00F-4B31-A329-43D8EE64728D}"
EndProject
Global
	GlobalSection(SolutionConfigurationPlatforms) = preSolution
		Debug|Any CPU = Debug|Any CPU
		Release|Any CPU = Release|Any CPU
		Debug|iPhoneSimulator = Debug|iPhoneSimulator
		Release|iPhone = Release|iPhone
		Release|iPhoneSimulator = Release|iPhoneSimulator
		Debug|iPhone = Debug|iPhone
	EndGlobalSection
	GlobalSection(ProjectConfigurationPlatforms) = postSolution
		{537886BA-0199-482C-875E-16B5636BF78A}.Debug|Any CPU.ActiveCfg = Debug|Any CPU
		{537886BA-0199-482C-875E-16B5636BF78A}.Debug|Any CPU.Build.0 = Debug|Any CPU
		{537886BA-0199-482C-875E-16B5636BF78A}.Release|Any CPU.ActiveCfg = Release|Any CPU
		{537886BA-0199-482C-875E-16B5636BF78A}.Release|Any CPU.Build.0 = Release|Any CPU
		{537886BA-0199-482C-875E-16B5636BF78A}.Debug|iPhoneSimulator.ActiveCfg = Debug|Any CPU
		{537886BA-0199-482C-875E-16B5636BF78A}.Debug|iPhoneSimulator.Build.0 = Debug|Any CPU
		{537886BA-0199-482C-875E-16B5636BF78A}.Release|iPhone.ActiveCfg = Release|Any CPU
		{537886BA-0199-482C-875E-16B5636BF78A}.Release|iPhone.Build.0 = Release|Any CPU
		{537886BA-0199-482C-875E-16B5636BF78A}.Release|iPhoneSimulator.ActiveCfg = Release|Any CPU
		{537886BA-0199-482C-875E-16B5636BF78A}.Release|iPhoneSimulator.Build.0 = Release|Any CPU
		{537886BA-0199-482C-875E-16B5636BF78A}.Debug|iPhone.ActiveCfg = Debug|Any CPU
		{537886BA-0199-482C-875E-16B5636BF78A}.Debug|iPhone.Build.0 = Debug|Any CPU
		{9903CDFF-F2A5-46AD-ACA6-F73F0568A951}.Debug|Any CPU.ActiveCfg = Debug|iPhoneSimulator
		{9903CDFF-F2A5-46AD-ACA6-F73F0568A951}.Debug|Any CPU.Build.0 = Debug|iPhoneSimulator
		{9903CDFF-F2A5-46AD-ACA6-F73F0568A951}.Release|Any CPU.ActiveCfg = Release|iPhone
		{9903CDFF-F2A5-46AD-ACA6-F73F0568A951}.Release|Any CPU.Build.0 = Release|iPhone
		{9903CDFF-F2A5-46AD-ACA6-F73F0568A951}.Debug|iPhoneSimulator.ActiveCfg = Debug|iPhoneSimulator
		{9903CDFF-F2A5-46AD-ACA6-F73F0568A951}.Debug|iPhoneSimulator.Build.0 = Debug|iPhoneSimulator
		{9903CDFF-F2A5-46AD-ACA6-F73F0568A951}.Release|iPhone.ActiveCfg = Release|iPhone
		{9903CDFF-F2A5-46AD-ACA6-F73F0568A951}.Release|iPhone.Build.0 = Release|iPhone
		{9903CDFF-F2A5-46AD-ACA6-F73F0568A951}.Release|iPhoneSimulator.ActiveCfg = Release|iPhoneSimulator
		{9903CDFF-F2A5-46AD-ACA6-F73F0568A951}.Release|iPhoneSimulator.Build.0 = Release|iPhoneSimulator
		{9903CDFF-F2A5-46AD-ACA6-F73F0568A951}.Debug|iPhone.ActiveCfg = Debug|iPhone
		{9903CDFF-F2A5-46AD-ACA6-F73F0568A951}.Debug|iPhone.Build.0 = Debug|iPhone
		{BC57D061-E00F-4B31-A329-43D8EE64728D}.Debug|Any CPU.ActiveCfg = Debug|Any CPU
		{BC57D061-E00F-4B31-A329-43D8EE64728D}.Debug|Any CPU.Build.0 = Debug|Any CPU
		{BC57D061-E00F-4B31-A329-43D8EE64728D}.Release|Any CPU.ActiveCfg = Release|Any CPU
		{BC57D061-E00F-4B31-A329-43D8EE64728D}.Release|Any CPU.Build.0 = Release|Any CPU
		{BC57D061-E00F-4B31-A329-43D8EE64728D}.Debug|iPhoneSimulator.ActiveCfg = Debug|Any CPU
		{BC57D061-E00F-4B31-A329-43D8EE64728D}.Debug|iPhoneSimulator.Build.0 = Debug|Any CPU
		{BC57D061-E00F-4B31-A329-43D8EE64728D}.Release|iPhone.ActiveCfg = Release|Any CPU
		{BC57D061-E00F-4B31-A329-43D8EE64728D}.Release|iPhone.Build.0 = Release|Any CPU
		{BC57D061-E00F-4B31-A329-43D8EE64728D}.Release|iPhoneSimulator.ActiveCfg = Release|Any CPU
		{BC57D061-E00F-4B31-A329-43D8EE64728D}.Release|iPhoneSimulator.Build.0 = Release|Any CPU
		{BC57D061-E00F-4B31-A329-43D8EE64728D}.Debug|iPhone.ActiveCfg = Debug|Any CPU
		{BC57D061-E00F-4B31-A329-43D8EE64728D}.Debug|iPhone.Build.0 = Debug|Any CPU
	EndGlobalSection
EndGlobal
