
Microsoft Visual Studio Solution File, Format Version 12.00
# Visual Studio 2012
Project("{D954291E-2A0B-460D-934E-DC6B0785DB48}") = "Henspe.Core", "Henspe.Core\Henspe.Core.shproj", "{11877264-A52B-494B-95CA-2BD618C3C35B}"
EndProject
Project("{FAE04EC0-301F-11D3-BF4B-00C04F79EFBC}") = "Henspe.iOS", "Henspe.iOS\Henspe.iOS.csproj", "{8A58421D-AED1-496D-BFE9-A5337BBC3401}"
EndProject
Project("{FAE04EC0-301F-11D3-BF4B-00C04F79EFBC}") = "Henspe.Droid", "Droid\Henspe.Droid.csproj", "{BC57D061-E00F-4B31-A329-43D8EE64728D}"
EndProject
Project("{FAE04EC0-301F-11D3-BF4B-00C04F79EFBC}") = "Henspe.Core.Test", "Henspe.Core.Test\Henspe.Core.Test.csproj", "{A7AC37A0-9158-4FCA-8E08-74A5C6AC0DA8}"
EndProject
Project("{D954291E-2A0B-460D-934E-DC6B0785DB48}") = "SNLA.Core", "..\..\SNLA-app\SNLA.Core\SNLA.Core.shproj", "{C6E8C3AA-12EB-480B-BE7D-1DA3A610F0B4}"
EndProject
Project("{D954291E-2A0B-460D-934E-DC6B0785DB48}") = "SNLA.Android", "..\..\SNLA-app\SNLA.Android\SNLA.Android.shproj", "{5A24DFC1-7C45-4558-9FDF-C4D0CE60B605}"
EndProject
Project("{D954291E-2A0B-460D-934E-DC6B0785DB48}") = "SNLA.iOS", "..\..\SNLA-app\SNLA.iOS\SNLA.iOS.shproj", "{F461BE23-0A04-44F6-9E62-6EEEC4F6D9BB}"
EndProject
Global
	GlobalSection(SolutionConfigurationPlatforms) = preSolution
		Debug|Any CPU = Debug|Any CPU
		Release|Any CPU = Release|Any CPU
		Debug|iPhoneSimulator = Debug|iPhoneSimulator
		Release|iPhone = Release|iPhone
		Release|iPhoneSimulator = Release|iPhoneSimulator
		Debug|iPhone = Debug|iPhone
	EndGlobalSection
	GlobalSection(ProjectConfigurationPlatforms) = postSolution
		{8A58421D-AED1-496D-BFE9-A5337BBC3401}.Debug|Any CPU.ActiveCfg = Debug|iPhoneSimulator
		{8A58421D-AED1-496D-BFE9-A5337BBC3401}.Debug|Any CPU.Build.0 = Debug|iPhoneSimulator
		{8A58421D-AED1-496D-BFE9-A5337BBC3401}.Release|Any CPU.ActiveCfg = Release|iPhone
		{8A58421D-AED1-496D-BFE9-A5337BBC3401}.Release|Any CPU.Build.0 = Release|iPhone
		{8A58421D-AED1-496D-BFE9-A5337BBC3401}.Debug|iPhoneSimulator.ActiveCfg = Debug|iPhoneSimulator
		{8A58421D-AED1-496D-BFE9-A5337BBC3401}.Debug|iPhoneSimulator.Build.0 = Debug|iPhoneSimulator
		{8A58421D-AED1-496D-BFE9-A5337BBC3401}.Release|iPhone.ActiveCfg = Release|iPhone
		{8A58421D-AED1-496D-BFE9-A5337BBC3401}.Release|iPhone.Build.0 = Release|iPhone
		{8A58421D-AED1-496D-BFE9-A5337BBC3401}.Release|iPhoneSimulator.ActiveCfg = Release|iPhoneSimulator
		{8A58421D-AED1-496D-BFE9-A5337BBC3401}.Release|iPhoneSimulator.Build.0 = Release|iPhoneSimulator
		{8A58421D-AED1-496D-BFE9-A5337BBC3401}.Debug|iPhone.ActiveCfg = Debug|iPhone
		{8A58421D-AED1-496D-BFE9-A5337BBC3401}.Debug|iPhone.Build.0 = Debug|iPhone
		{BC57D061-E00F-4B31-A329-43D8EE64728D}.Debug|Any CPU.ActiveCfg = Debug|Any CPU
		{BC57D061-E00F-4B31-A329-43D8EE64728D}.Debug|Any CPU.Build.0 = Debug|Any CPU
		{BC57D061-E00F-4B31-A329-43D8EE64728D}.Release|Any CPU.ActiveCfg = Release|Any CPU
		{BC57D061-E00F-4B31-A329-43D8EE64728D}.Release|Any CPU.Build.0 = Release|Any CPU
		{BC57D061-E00F-4B31-A329-43D8EE64728D}.Debug|iPhoneSimulator.ActiveCfg = Debug|Any CPU
		{BC57D061-E00F-4B31-A329-43D8EE64728D}.Debug|iPhoneSimulator.Build.0 = Debug|Any CPU
		{BC57D061-E00F-4B31-A329-43D8EE64728D}.Release|iPhone.ActiveCfg = Release|Any CPU
		{BC57D061-E00F-4B31-A329-43D8EE64728D}.Release|iPhone.Build.0 = Release|Any CPU
		{BC57D061-E00F-4B31-A329-43D8EE64728D}.Release|iPhoneSimulator.ActiveCfg = Release|Any CPU
		{BC57D061-E00F-4B31-A329-43D8EE64728D}.Release|iPhoneSimulator.Build.0 = Release|Any CPU
		{BC57D061-E00F-4B31-A329-43D8EE64728D}.Debug|iPhone.ActiveCfg = Debug|Any CPU
		{BC57D061-E00F-4B31-A329-43D8EE64728D}.Debug|iPhone.Build.0 = Debug|Any CPU
		{A7AC37A0-9158-4FCA-8E08-74A5C6AC0DA8}.Debug|Any CPU.ActiveCfg = Debug|Any CPU
		{A7AC37A0-9158-4FCA-8E08-74A5C6AC0DA8}.Debug|Any CPU.Build.0 = Debug|Any CPU
		{A7AC37A0-9158-4FCA-8E08-74A5C6AC0DA8}.Release|Any CPU.ActiveCfg = Release|Any CPU
		{A7AC37A0-9158-4FCA-8E08-74A5C6AC0DA8}.Release|Any CPU.Build.0 = Release|Any CPU
		{A7AC37A0-9158-4FCA-8E08-74A5C6AC0DA8}.Debug|iPhoneSimulator.ActiveCfg = Debug|Any CPU
		{A7AC37A0-9158-4FCA-8E08-74A5C6AC0DA8}.Debug|iPhoneSimulator.Build.0 = Debug|Any CPU
		{A7AC37A0-9158-4FCA-8E08-74A5C6AC0DA8}.Release|iPhone.ActiveCfg = Release|Any CPU
		{A7AC37A0-9158-4FCA-8E08-74A5C6AC0DA8}.Release|iPhone.Build.0 = Release|Any CPU
		{A7AC37A0-9158-4FCA-8E08-74A5C6AC0DA8}.Release|iPhoneSimulator.ActiveCfg = Release|Any CPU
		{A7AC37A0-9158-4FCA-8E08-74A5C6AC0DA8}.Release|iPhoneSimulator.Build.0 = Release|Any CPU
		{A7AC37A0-9158-4FCA-8E08-74A5C6AC0DA8}.Debug|iPhone.ActiveCfg = Debug|Any CPU
		{A7AC37A0-9158-4FCA-8E08-74A5C6AC0DA8}.Debug|iPhone.Build.0 = Debug|Any CPU
	EndGlobalSection
EndGlobal
